
Microsoft Visual Studio Solution File, Format Version 12.00
# Visual Studio Version 17
VisualStudioVersion = 17.10.35027.167
MinimumVisualStudioVersion = 10.0.40219.1
Project("{9A19103F-16F7-4668-BE54-9A1E7A4F7556}") = "Project 1.0", "Project 1.0\Project 1.0.csproj", "{A97070F4-B54A-4C33-97C9-227D548E89E2}"
EndProject
Global
	GlobalSection(SolutionConfigurationPlatforms) = preSolution
		Debug|Any CPU = Debug|Any CPU
		Release|Any CPU = Release|Any CPU
	EndGlobalSection
	GlobalSection(ProjectConfigurationPlatforms) = postSolution
		{A97070F4-B54A-4C33-97C9-227D548E89E2}.Debug|Any CPU.ActiveCfg = Debug|Any CPU
		{A97070F4-B54A-4C33-97C9-227D548E89E2}.Debug|Any CPU.Build.0 = Debug|Any CPU
		{A97070F4-B54A-4C33-97C9-227D548E89E2}.Release|Any CPU.ActiveCfg = Release|Any CPU
		{A97070F4-B54A-4C33-97C9-227D548E89E2}.Release|Any CPU.Build.0 = Release|Any CPU
	EndGlobalSection
	GlobalSection(SolutionProperties) = preSolution
		HideSolutionNode = FALSE
	EndGlobalSection
	GlobalSection(ExtensibilityGlobals) = postSolution
		SolutionGuid = {4E9A495F-B6F0-4CB1-8429-349022BD38E8}
	EndGlobalSection
EndGlobal
